// !$*UTF8*$!
{
	archiveVersion = 1;
	classes = {
	};
	objectVersion = 46;
	objects = {

/* Begin PBXBuildFile section */
		E287E87618CCBB4900EC1458 /* Foundation.framework in Frameworks */ = {isa = PBXBuildFile; fileRef = E287E87518CCBB4900EC1458 /* Foundation.framework */; };
		E287E87818CCBB4900EC1458 /* CoreGraphics.framework in Frameworks */ = {isa = PBXBuildFile; fileRef = E287E87718CCBB4900EC1458 /* CoreGraphics.framework */; };
		E287E87A18CCBB4900EC1458 /* UIKit.framework in Frameworks */ = {isa = PBXBuildFile; fileRef = E287E87918CCBB4900EC1458 /* UIKit.framework */; };
		E287E88018CCBB4900EC1458 /* InfoPlist.strings in Resources */ = {isa = PBXBuildFile; fileRef = E287E87E18CCBB4900EC1458 /* InfoPlist.strings */; };
		E287E88218CCBB4900EC1458 /* main.m in Sources */ = {isa = PBXBuildFile; fileRef = E287E88118CCBB4900EC1458 /* main.m */; };
		E287E88618CCBB4900EC1458 /* BNRAppDelegate.m in Sources */ = {isa = PBXBuildFile; fileRef = E287E88518CCBB4900EC1458 /* BNRAppDelegate.m */; };
		E287E88818CCBB4900EC1458 /* Images.xcassets in Resources */ = {isa = PBXBuildFile; fileRef = E287E88718CCBB4900EC1458 /* Images.xcassets */; };
		E287E88F18CCBB4900EC1458 /* XCTest.framework in Frameworks */ = {isa = PBXBuildFile; fileRef = E287E88E18CCBB4900EC1458 /* XCTest.framework */; };
		E287E89018CCBB4900EC1458 /* Foundation.framework in Frameworks */ = {isa = PBXBuildFile; fileRef = E287E87518CCBB4900EC1458 /* Foundation.framework */; };
		E287E89118CCBB4900EC1458 /* UIKit.framework in Frameworks */ = {isa = PBXBuildFile; fileRef = E287E87918CCBB4900EC1458 /* UIKit.framework */; };
		E287E89918CCBB4900EC1458 /* InfoPlist.strings in Resources */ = {isa = PBXBuildFile; fileRef = E287E89718CCBB4900EC1458 /* InfoPlist.strings */; };
		E287E89B18CCBB4900EC1458 /* HypnoNerdTests.m in Sources */ = {isa = PBXBuildFile; fileRef = E287E89A18CCBB4900EC1458 /* HypnoNerdTests.m */; };
		E287E8A618CCBBC800EC1458 /* BNRHypnosisView.m in Sources */ = {isa = PBXBuildFile; fileRef = E287E8A518CCBBC800EC1458 /* BNRHypnosisView.m */; };
		E287E8A918CCBC9300EC1458 /* BNRHypnosisViewController.m in Sources */ = {isa = PBXBuildFile; fileRef = E287E8A818CCBC9300EC1458 /* BNRHypnosisViewController.m */; };
		E28C9D5318CD1FF6008EFF5A /* BNRReminderViewController.m in Sources */ = {isa = PBXBuildFile; fileRef = E28C9D5218CD1FF6008EFF5A /* BNRReminderViewController.m */; };
		E28C9D5518CD236B008EFF5A /* BNRReminderViewController.xib in Resources */ = {isa = PBXBuildFile; fileRef = E28C9D5418CD236B008EFF5A /* BNRReminderViewController.xib */; };
/* End PBXBuildFile section */

/* Begin PBXContainerItemProxy section */
		E287E89218CCBB4900EC1458 /* PBXContainerItemProxy */ = {
			isa = PBXContainerItemProxy;
			containerPortal = E287E86A18CCBB4900EC1458 /* Project object */;
			proxyType = 1;
			remoteGlobalIDString = E287E87118CCBB4900EC1458;
			remoteInfo = HypnoNerd;
		};
/* End PBXContainerItemProxy section */

/* Begin PBXFileReference section */
		E287E87218CCBB4900EC1458 /* HypnoNerd.app */ = {isa = PBXFileReference; explicitFileType = wrapper.application; includeInIndex = 0; path = HypnoNerd.app; sourceTree = BUILT_PRODUCTS_DIR; };
		E287E87518CCBB4900EC1458 /* Foundation.framework */ = {isa = PBXFileReference; lastKnownFileType = wrapper.framework; name = Foundation.framework; path = System/Library/Frameworks/Foundation.framework; sourceTree = SDKROOT; };
		E287E87718CCBB4900EC1458 /* CoreGraphics.framework */ = {isa = PBXFileReference; lastKnownFileType = wrapper.framework; name = CoreGraphics.framework; path = System/Library/Frameworks/CoreGraphics.framework; sourceTree = SDKROOT; };
		E287E87918CCBB4900EC1458 /* UIKit.framework */ = {isa = PBXFileReference; lastKnownFileType = wrapper.framework; name = UIKit.framework; path = System/Library/Frameworks/UIKit.framework; sourceTree = SDKROOT; };
		E287E87D18CCBB4900EC1458 /* HypnoNerd-Info.plist */ = {isa = PBXFileReference; lastKnownFileType = text.plist.xml; path = "HypnoNerd-Info.plist"; sourceTree = "<group>"; };
		E287E87F18CCBB4900EC1458 /* en */ = {isa = PBXFileReference; lastKnownFileType = text.plist.strings; name = en; path = en.lproj/InfoPlist.strings; sourceTree = "<group>"; };
		E287E88118CCBB4900EC1458 /* main.m */ = {isa = PBXFileReference; lastKnownFileType = sourcecode.c.objc; path = main.m; sourceTree = "<group>"; };
		E287E88318CCBB4900EC1458 /* HypnoNerd-Prefix.pch */ = {isa = PBXFileReference; lastKnownFileType = sourcecode.c.h; path = "HypnoNerd-Prefix.pch"; sourceTree = "<group>"; };
		E287E88418CCBB4900EC1458 /* BNRAppDelegate.h */ = {isa = PBXFileReference; lastKnownFileType = sourcecode.c.h; path = BNRAppDelegate.h; sourceTree = "<group>"; };
		E287E88518CCBB4900EC1458 /* BNRAppDelegate.m */ = {isa = PBXFileReference; lastKnownFileType = sourcecode.c.objc; path = BNRAppDelegate.m; sourceTree = "<group>"; };
		E287E88718CCBB4900EC1458 /* Images.xcassets */ = {isa = PBXFileReference; lastKnownFileType = folder.assetcatalog; path = Images.xcassets; sourceTree = "<group>"; };
		E287E88D18CCBB4900EC1458 /* HypnoNerdTests.xctest */ = {isa = PBXFileReference; explicitFileType = wrapper.cfbundle; includeInIndex = 0; path = HypnoNerdTests.xctest; sourceTree = BUILT_PRODUCTS_DIR; };
		E287E88E18CCBB4900EC1458 /* XCTest.framework */ = {isa = PBXFileReference; lastKnownFileType = wrapper.framework; name = XCTest.framework; path = Library/Frameworks/XCTest.framework; sourceTree = DEVELOPER_DIR; };
		E287E89618CCBB4900EC1458 /* HypnoNerdTests-Info.plist */ = {isa = PBXFileReference; lastKnownFileType = text.plist.xml; path = "HypnoNerdTests-Info.plist"; sourceTree = "<group>"; };
		E287E89818CCBB4900EC1458 /* en */ = {isa = PBXFileReference; lastKnownFileType = text.plist.strings; name = en; path = en.lproj/InfoPlist.strings; sourceTree = "<group>"; };
		E287E89A18CCBB4900EC1458 /* HypnoNerdTests.m */ = {isa = PBXFileReference; lastKnownFileType = sourcecode.c.objc; path = HypnoNerdTests.m; sourceTree = "<group>"; };
		E287E8A418CCBBC800EC1458 /* BNRHypnosisView.h */ = {isa = PBXFileReference; fileEncoding = 4; lastKnownFileType = sourcecode.c.h; path = BNRHypnosisView.h; sourceTree = "<group>"; };
		E287E8A518CCBBC800EC1458 /* BNRHypnosisView.m */ = {isa = PBXFileReference; fileEncoding = 4; lastKnownFileType = sourcecode.c.objc; path = BNRHypnosisView.m; sourceTree = "<group>"; };
		E287E8A718CCBC9300EC1458 /* BNRHypnosisViewController.h */ = {isa = PBXFileReference; fileEncoding = 4; lastKnownFileType = sourcecode.c.h; path = BNRHypnosisViewController.h; sourceTree = "<group>"; };
		E287E8A818CCBC9300EC1458 /* BNRHypnosisViewController.m */ = {isa = PBXFileReference; fileEncoding = 4; lastKnownFileType = sourcecode.c.objc; path = BNRHypnosisViewController.m; sourceTree = "<group>"; };
		E28C9D5118CD1FF6008EFF5A /* BNRReminderViewController.h */ = {isa = PBXFileReference; fileEncoding = 4; lastKnownFileType = sourcecode.c.h; path = BNRReminderViewController.h; sourceTree = "<group>"; };
		E28C9D5218CD1FF6008EFF5A /* BNRReminderViewController.m */ = {isa = PBXFileReference; fileEncoding = 4; lastKnownFileType = sourcecode.c.objc; path = BNRReminderViewController.m; sourceTree = "<group>"; };
		E28C9D5418CD236B008EFF5A /* BNRReminderViewController.xib */ = {isa = PBXFileReference; fileEncoding = 4; lastKnownFileType = file.xib; path = BNRReminderViewController.xib; sourceTree = "<group>"; };
/* End PBXFileReference section */

/* Begin PBXFrameworksBuildPhase section */
		E287E86F18CCBB4900EC1458 /* Frameworks */ = {
			isa = PBXFrameworksBuildPhase;
			buildActionMask = 2147483647;
			files = (
				E287E87818CCBB4900EC1458 /* CoreGraphics.framework in Frameworks */,
				E287E87A18CCBB4900EC1458 /* UIKit.framework in Frameworks */,
				E287E87618CCBB4900EC1458 /* Foundation.framework in Frameworks */,
			);
			runOnlyForDeploymentPostprocessing = 0;
		};
		E287E88A18CCBB4900EC1458 /* Frameworks */ = {
			isa = PBXFrameworksBuildPhase;
			buildActionMask = 2147483647;
			files = (
				E287E88F18CCBB4900EC1458 /* XCTest.framework in Frameworks */,
				E287E89118CCBB4900EC1458 /* UIKit.framework in Frameworks */,
				E287E89018CCBB4900EC1458 /* Foundation.framework in Frameworks */,
			);
			runOnlyForDeploymentPostprocessing = 0;
		};
/* End PBXFrameworksBuildPhase section */

/* Begin PBXGroup section */
		E287E86918CCBB4900EC1458 = {
			isa = PBXGroup;
			children = (
				E287E87B18CCBB4900EC1458 /* HypnoNerd */,
				E287E89418CCBB4900EC1458 /* HypnoNerdTests */,
				E287E87418CCBB4900EC1458 /* Frameworks */,
				E287E87318CCBB4900EC1458 /* Products */,
			);
			sourceTree = "<group>";
		};
		E287E87318CCBB4900EC1458 /* Products */ = {
			isa = PBXGroup;
			children = (
				E287E87218CCBB4900EC1458 /* HypnoNerd.app */,
				E287E88D18CCBB4900EC1458 /* HypnoNerdTests.xctest */,
			);
			name = Products;
			sourceTree = "<group>";
		};
		E287E87418CCBB4900EC1458 /* Frameworks */ = {
			isa = PBXGroup;
			children = (
				E287E87518CCBB4900EC1458 /* Foundation.framework */,
				E287E87718CCBB4900EC1458 /* CoreGraphics.framework */,
				E287E87918CCBB4900EC1458 /* UIKit.framework */,
				E287E88E18CCBB4900EC1458 /* XCTest.framework */,
			);
			name = Frameworks;
			sourceTree = "<group>";
		};
		E287E87B18CCBB4900EC1458 /* HypnoNerd */ = {
			isa = PBXGroup;
			children = (
				E287E8A418CCBBC800EC1458 /* BNRHypnosisView.h */,
				E287E8A518CCBBC800EC1458 /* BNRHypnosisView.m */,
				E287E88418CCBB4900EC1458 /* BNRAppDelegate.h */,
				E287E88518CCBB4900EC1458 /* BNRAppDelegate.m */,
				E287E8A718CCBC9300EC1458 /* BNRHypnosisViewController.h */,
				E287E8A818CCBC9300EC1458 /* BNRHypnosisViewController.m */,
				E287E88718CCBB4900EC1458 /* Images.xcassets */,
				E287E87C18CCBB4900EC1458 /* Supporting Files */,
				E28C9D5118CD1FF6008EFF5A /* BNRReminderViewController.h */,
				E28C9D5218CD1FF6008EFF5A /* BNRReminderViewController.m */,
				E28C9D5418CD236B008EFF5A /* BNRReminderViewController.xib */,
			);
			path = HypnoNerd;
			sourceTree = "<group>";
		};
		E287E87C18CCBB4900EC1458 /* Supporting Files */ = {
			isa = PBXGroup;
			children = (
				E287E87D18CCBB4900EC1458 /* HypnoNerd-Info.plist */,
				E287E87E18CCBB4900EC1458 /* InfoPlist.strings */,
				E287E88118CCBB4900EC1458 /* main.m */,
				E287E88318CCBB4900EC1458 /* HypnoNerd-Prefix.pch */,
			);
			name = "Supporting Files";
			sourceTree = "<group>";
		};
		E287E89418CCBB4900EC1458 /* HypnoNerdTests */ = {
			isa = PBXGroup;
			children = (
				E287E89A18CCBB4900EC1458 /* HypnoNerdTests.m */,
				E287E89518CCBB4900EC1458 /* Supporting Files */,
			);
			path = HypnoNerdTests;
			sourceTree = "<group>";
		};
		E287E89518CCBB4900EC1458 /* Supporting Files */ = {
			isa = PBXGroup;
			children = (
				E287E89618CCBB4900EC1458 /* HypnoNerdTests-Info.plist */,
				E287E89718CCBB4900EC1458 /* InfoPlist.strings */,
			);
			name = "Supporting Files";
			sourceTree = "<group>";
		};
/* End PBXGroup section */

/* Begin PBXNativeTarget section */
		E287E87118CCBB4900EC1458 /* HypnoNerd */ = {
			isa = PBXNativeTarget;
			buildConfigurationList = E287E89E18CCBB4900EC1458 /* Build configuration list for PBXNativeTarget "HypnoNerd" */;
			buildPhases = (
				E287E86E18CCBB4900EC1458 /* Sources */,
				E287E86F18CCBB4900EC1458 /* Frameworks */,
				E287E87018CCBB4900EC1458 /* Resources */,
			);
			buildRules = (
			);
			dependencies = (
			);
			name = HypnoNerd;
			productName = HypnoNerd;
			productReference = E287E87218CCBB4900EC1458 /* HypnoNerd.app */;
			productType = "com.apple.product-type.application";
		};
		E287E88C18CCBB4900EC1458 /* HypnoNerdTests */ = {
			isa = PBXNativeTarget;
			buildConfigurationList = E287E8A118CCBB4900EC1458 /* Build configuration list for PBXNativeTarget "HypnoNerdTests" */;
			buildPhases = (
				E287E88918CCBB4900EC1458 /* Sources */,
				E287E88A18CCBB4900EC1458 /* Frameworks */,
				E287E88B18CCBB4900EC1458 /* Resources */,
			);
			buildRules = (
			);
			dependencies = (
				E287E89318CCBB4900EC1458 /* PBXTargetDependency */,
			);
			name = HypnoNerdTests;
			productName = HypnoNerdTests;
			productReference = E287E88D18CCBB4900EC1458 /* HypnoNerdTests.xctest */;
			productType = "com.apple.product-type.bundle.unit-test";
		};
/* End PBXNativeTarget section */

/* Begin PBXProject section */
		E287E86A18CCBB4900EC1458 /* Project object */ = {
			isa = PBXProject;
			attributes = {
				CLASSPREFIX = BNR;
				LastUpgradeCheck = 0500;
				ORGANIZATIONNAME = "The Big Mud";
				TargetAttributes = {
					E287E88C18CCBB4900EC1458 = {
						TestTargetID = E287E87118CCBB4900EC1458;
					};
				};
			};
			buildConfigurationList = E287E86D18CCBB4900EC1458 /* Build configuration list for PBXProject "HypnoNerd" */;
			compatibilityVersion = "Xcode 3.2";
			developmentRegion = English;
			hasScannedForEncodings = 0;
			knownRegions = (
				en,
			);
			mainGroup = E287E86918CCBB4900EC1458;
			productRefGroup = E287E87318CCBB4900EC1458 /* Products */;
			projectDirPath = "";
			projectRoot = "";
			targets = (
				E287E87118CCBB4900EC1458 /* HypnoNerd */,
				E287E88C18CCBB4900EC1458 /* HypnoNerdTests */,
			);
		};
/* End PBXProject section */

/* Begin PBXResourcesBuildPhase section */
		E287E87018CCBB4900EC1458 /* Resources */ = {
			isa = PBXResourcesBuildPhase;
			buildActionMask = 2147483647;
			files = (
				E28C9D5518CD236B008EFF5A /* BNRReminderViewController.xib in Resources */,
				E287E88018CCBB4900EC1458 /* InfoPlist.strings in Resources */,
				E287E88818CCBB4900EC1458 /* Images.xcassets in Resources */,
			);
			runOnlyForDeploymentPostprocessing = 0;
		};
		E287E88B18CCBB4900EC1458 /* Resources */ = {
			isa = PBXResourcesBuildPhase;
			buildActionMask = 2147483647;
			files = (
				E287E89918CCBB4900EC1458 /* InfoPlist.strings in Resources */,
			);
			runOnlyForDeploymentPostprocessing = 0;
		};
/* End PBXResourcesBuildPhase section */

/* Begin PBXSourcesBuildPhase section */
		E287E86E18CCBB4900EC1458 /* Sources */ = {
			isa = PBXSourcesBuildPhase;
			buildActionMask = 2147483647;
			files = (
				E287E8A918CCBC9300EC1458 /* BNRHypnosisViewController.m in Sources */,
				E287E88218CCBB4900EC1458 /* main.m in Sources */,
				E287E88618CCBB4900EC1458 /* BNRAppDelegate.m in Sources */,
				E28C9D5318CD1FF6008EFF5A /* BNRReminderViewController.m in Sources */,
				E287E8A618CCBBC800EC1458 /* BNRHypnosisView.m in Sources */,
			);
			runOnlyForDeploymentPostprocessing = 0;
		};
		E287E88918CCBB4900EC1458 /* Sources */ = {
			isa = PBXSourcesBuildPhase;
			buildActionMask = 2147483647;
			files = (
				E287E89B18CCBB4900EC1458 /* HypnoNerdTests.m in Sources */,
			);
			runOnlyForDeploymentPostprocessing = 0;
		};
/* End PBXSourcesBuildPhase section */

/* Begin PBXTargetDependency section */
		E287E89318CCBB4900EC1458 /* PBXTargetDependency */ = {
			isa = PBXTargetDependency;
			target = E287E87118CCBB4900EC1458 /* HypnoNerd */;
			targetProxy = E287E89218CCBB4900EC1458 /* PBXContainerItemProxy */;
		};
/* End PBXTargetDependency section */

/* Begin PBXVariantGroup section */
		E287E87E18CCBB4900EC1458 /* InfoPlist.strings */ = {
			isa = PBXVariantGroup;
			children = (
				E287E87F18CCBB4900EC1458 /* en */,
			);
			name = InfoPlist.strings;
			sourceTree = "<group>";
		};
		E287E89718CCBB4900EC1458 /* InfoPlist.strings */ = {
			isa = PBXVariantGroup;
			children = (
				E287E89818CCBB4900EC1458 /* en */,
			);
			name = InfoPlist.strings;
			sourceTree = "<group>";
		};
/* End PBXVariantGroup section */

/* Begin XCBuildConfiguration section */
		E287E89C18CCBB4900EC1458 /* Debug */ = {
			isa = XCBuildConfiguration;
			buildSettings = {
				ALWAYS_SEARCH_USER_PATHS = NO;
				ARCHS = "$(ARCHS_STANDARD_INCLUDING_64_BIT)";
				CLANG_CXX_LANGUAGE_STANDARD = "gnu++0x";
				CLANG_CXX_LIBRARY = "libc++";
				CLANG_ENABLE_MODULES = YES;
				CLANG_ENABLE_OBJC_ARC = YES;
				CLANG_WARN_BOOL_CONVERSION = YES;
				CLANG_WARN_CONSTANT_CONVERSION = YES;
				CLANG_WARN_DIRECT_OBJC_ISA_USAGE = YES_ERROR;
				CLANG_WARN_EMPTY_BODY = YES;
				CLANG_WARN_ENUM_CONVERSION = YES;
				CLANG_WARN_INT_CONVERSION = YES;
				CLANG_WARN_OBJC_ROOT_CLASS = YES_ERROR;
				CLANG_WARN__DUPLICATE_METHOD_MATCH = YES;
				"CODE_SIGN_IDENTITY[sdk=iphoneos*]" = "iPhone Developer";
				COPY_PHASE_STRIP = NO;
				GCC_C_LANGUAGE_STANDARD = gnu99;
				GCC_DYNAMIC_NO_PIC = NO;
				GCC_OPTIMIZATION_LEVEL = 0;
				GCC_PREPROCESSOR_DEFINITIONS = (
					"DEBUG=1",
					"$(inherited)",
				);
				GCC_SYMBOLS_PRIVATE_EXTERN = NO;
				GCC_WARN_64_TO_32_BIT_CONVERSION = YES;
				GCC_WARN_ABOUT_RETURN_TYPE = YES_ERROR;
				GCC_WARN_UNDECLARED_SELECTOR = YES;
				GCC_WARN_UNINITIALIZED_AUTOS = YES;
				GCC_WARN_UNUSED_FUNCTION = YES;
				GCC_WARN_UNUSED_VARIABLE = YES;
				IPHONEOS_DEPLOYMENT_TARGET = 7.0;
				ONLY_ACTIVE_ARCH = YES;
				SDKROOT = iphoneos;
			};
			name = Debug;
		};
		E287E89D18CCBB4900EC1458 /* Release */ = {
			isa = XCBuildConfiguration;
			buildSettings = {
				ALWAYS_SEARCH_USER_PATHS = NO;
				ARCHS = "$(ARCHS_STANDARD_INCLUDING_64_BIT)";
				CLANG_CXX_LANGUAGE_STANDARD = "gnu++0x";
				CLANG_CXX_LIBRARY = "libc++";
				CLANG_ENABLE_MODULES = YES;
				CLANG_ENABLE_OBJC_ARC = YES;
				CLANG_WARN_BOOL_CONVERSION = YES;
				CLANG_WARN_CONSTANT_CONVERSION = YES;
				CLANG_WARN_DIRECT_OBJC_ISA_USAGE = YES_ERROR;
				CLANG_WARN_EMPTY_BODY = YES;
				CLANG_WARN_ENUM_CONVERSION = YES;
				CLANG_WARN_INT_CONVERSION = YES;
				CLANG_WARN_OBJC_ROOT_CLASS = YES_ERROR;
				CLANG_WARN__DUPLICATE_METHOD_MATCH = YES;
				"CODE_SIGN_IDENTITY[sdk=iphoneos*]" = "iPhone Developer";
				COPY_PHASE_STRIP = YES;
				ENABLE_NS_ASSERTIONS = NO;
				GCC_C_LANGUAGE_STANDARD = gnu99;
				GCC_WARN_64_TO_32_BIT_CONVERSION = YES;
				GCC_WARN_ABOUT_RETURN_TYPE = YES_ERROR;
				GCC_WARN_UNDECLARED_SELECTOR = YES;
				GCC_WARN_UNINITIALIZED_AUTOS = YES;
				GCC_WARN_UNUSED_FUNCTION = YES;
				GCC_WARN_UNUSED_VARIABLE = YES;
				IPHONEOS_DEPLOYMENT_TARGET = 7.0;
				SDKROOT = iphoneos;
				VALIDATE_PRODUCT = YES;
			};
			name = Release;
		};
		E287E89F18CCBB4900EC1458 /* Debug */ = {
			isa = XCBuildConfiguration;
			buildSettings = {
				ASSETCATALOG_COMPILER_APPICON_NAME = AppIcon;
				ASSETCATALOG_COMPILER_LAUNCHIMAGE_NAME = LaunchImage;
				GCC_PRECOMPILE_PREFIX_HEADER = YES;
				GCC_PREFIX_HEADER = "HypnoNerd/HypnoNerd-Prefix.pch";
				INFOPLIST_FILE = "HypnoNerd/HypnoNerd-Info.plist";
				PRODUCT_NAME = "$(TARGET_NAME)";
				WRAPPER_EXTENSION = app;
			};
			name = Debug;
		};
		E287E8A018CCBB4900EC1458 /* Release */ = {
			isa = XCBuildConfiguration;
			buildSettings = {
				ASSETCATALOG_COMPILER_APPICON_NAME = AppIcon;
				ASSETCATALOG_COMPILER_LAUNCHIMAGE_NAME = LaunchImage;
				GCC_PRECOMPILE_PREFIX_HEADER = YES;
				GCC_PREFIX_HEADER = "HypnoNerd/HypnoNerd-Prefix.pch";
				INFOPLIST_FILE = "HypnoNerd/HypnoNerd-Info.plist";
				PRODUCT_NAME = "$(TARGET_NAME)";
				WRAPPER_EXTENSION = app;
			};
			name = Release;
		};
		E287E8A218CCBB4900EC1458 /* Debug */ = {
			isa = XCBuildConfiguration;
			buildSettings = {
				ARCHS = "$(ARCHS_STANDARD_INCLUDING_64_BIT)";
				BUNDLE_LOADER = "$(BUILT_PRODUCTS_DIR)/HypnoNerd.app/HypnoNerd";
				FRAMEWORK_SEARCH_PATHS = (
					"$(SDKROOT)/Developer/Library/Frameworks",
					"$(inherited)",
					"$(DEVELOPER_FRAMEWORKS_DIR)",
				);
				GCC_PRECOMPILE_PREFIX_HEADER = YES;
				GCC_PREFIX_HEADER = "HypnoNerd/HypnoNerd-Prefix.pch";
				GCC_PREPROCESSOR_DEFINITIONS = (
					"DEBUG=1",
					"$(inherited)",
				);
				INFOPLIST_FILE = "HypnoNerdTests/HypnoNerdTests-Info.plist";
				PRODUCT_NAME = "$(TARGET_NAME)";
				TEST_HOST = "$(BUNDLE_LOADER)";
				WRAPPER_EXTENSION = xctest;
			};
			name = Debug;
		};
		E287E8A318CCBB4900EC1458 /* Release */ = {
			isa = XCBuildConfiguration;
			buildSettings = {
				ARCHS = "$(ARCHS_STANDARD_INCLUDING_64_BIT)";
				BUNDLE_LOADER = "$(BUILT_PRODUCTS_DIR)/HypnoNerd.app/HypnoNerd";
				FRAMEWORK_SEARCH_PATHS = (
					"$(SDKROOT)/Developer/Library/Frameworks",
					"$(inherited)",
					"$(DEVELOPER_FRAMEWORKS_DIR)",
				);
				GCC_PRECOMPILE_PREFIX_HEADER = YES;
				GCC_PREFIX_HEADER = "HypnoNerd/HypnoNerd-Prefix.pch";
				INFOPLIST_FILE = "HypnoNerdTests/HypnoNerdTests-Info.plist";
				PRODUCT_NAME = "$(TARGET_NAME)";
				TEST_HOST = "$(BUNDLE_LOADER)";
				WRAPPER_EXTENSION = xctest;
			};
			name = Release;
		};
/* End XCBuildConfiguration section */

/* Begin XCConfigurationList section */
		E287E86D18CCBB4900EC1458 /* Build configuration list for PBXProject "HypnoNerd" */ = {
			isa = XCConfigurationList;
			buildConfigurations = (
				E287E89C18CCBB4900EC1458 /* Debug */,
				E287E89D18CCBB4900EC1458 /* Release */,
			);
			defaultConfigurationIsVisible = 0;
			defaultConfigurationName = Release;
		};
		E287E89E18CCBB4900EC1458 /* Build configuration list for PBXNativeTarget "HypnoNerd" */ = {
			isa = XCConfigurationList;
			buildConfigurations = (
				E287E89F18CCBB4900EC1458 /* Debug */,
				E287E8A018CCBB4900EC1458 /* Release */,
			);
			defaultConfigurationIsVisible = 0;
			defaultConfigurationName = Release;
		};
		E287E8A118CCBB4900EC1458 /* Build configuration list for PBXNativeTarget "HypnoNerdTests" */ = {
			isa = XCConfigurationList;
			buildConfigurations = (
				E287E8A218CCBB4900EC1458 /* Debug */,
				E287E8A318CCBB4900EC1458 /* Release */,
			);
			defaultConfigurationIsVisible = 0;
			defaultConfigurationName = Release;
		};
/* End XCConfigurationList section */
	};
	rootObject = E287E86A18CCBB4900EC1458 /* Project object */;
}
