// !$*UTF8*$!
{
	archiveVersion = 1;
	classes = {
	};
	objectVersion = 46;
	objects = {

/* Begin PBXBuildFile section */
		E2897A4618D56C43002D7667 /* Foundation.framework in Frameworks */ = {isa = PBXBuildFile; fileRef = E2897A4518D56C43002D7667 /* Foundation.framework */; };
		E2897A4818D56C43002D7667 /* CoreGraphics.framework in Frameworks */ = {isa = PBXBuildFile; fileRef = E2897A4718D56C43002D7667 /* CoreGraphics.framework */; };
		E2897A4A18D56C43002D7667 /* UIKit.framework in Frameworks */ = {isa = PBXBuildFile; fileRef = E2897A4918D56C43002D7667 /* UIKit.framework */; };
		E2897A5018D56C43002D7667 /* InfoPlist.strings in Resources */ = {isa = PBXBuildFile; fileRef = E2897A4E18D56C43002D7667 /* InfoPlist.strings */; };
		E2897A5218D56C43002D7667 /* main.m in Sources */ = {isa = PBXBuildFile; fileRef = E2897A5118D56C43002D7667 /* main.m */; };
		E2897A5618D56C43002D7667 /* BNRAppDelegate.m in Sources */ = {isa = PBXBuildFile; fileRef = E2897A5518D56C43002D7667 /* BNRAppDelegate.m */; };
		E2897A5818D56C43002D7667 /* Images.xcassets in Resources */ = {isa = PBXBuildFile; fileRef = E2897A5718D56C43002D7667 /* Images.xcassets */; };
		E2897A5F18D56C43002D7667 /* XCTest.framework in Frameworks */ = {isa = PBXBuildFile; fileRef = E2897A5E18D56C43002D7667 /* XCTest.framework */; };
		E2897A6018D56C43002D7667 /* Foundation.framework in Frameworks */ = {isa = PBXBuildFile; fileRef = E2897A4518D56C43002D7667 /* Foundation.framework */; };
		E2897A6118D56C43002D7667 /* UIKit.framework in Frameworks */ = {isa = PBXBuildFile; fileRef = E2897A4918D56C43002D7667 /* UIKit.framework */; };
		E2897A6918D56C43002D7667 /* InfoPlist.strings in Resources */ = {isa = PBXBuildFile; fileRef = E2897A6718D56C43002D7667 /* InfoPlist.strings */; };
		E2897A6B18D56C43002D7667 /* HomepwnerTests.m in Sources */ = {isa = PBXBuildFile; fileRef = E2897A6A18D56C43002D7667 /* HomepwnerTests.m */; };
		E2897A7618D5789F002D7667 /* BNRItemsViewController.m in Sources */ = {isa = PBXBuildFile; fileRef = E2897A7518D5789F002D7667 /* BNRItemsViewController.m */; };
		E2897A7C18D57D45002D7667 /* BNRItem.m in Sources */ = {isa = PBXBuildFile; fileRef = E2897A7B18D57D45002D7667 /* BNRItem.m */; };
		E2897A7F18D5822F002D7667 /* BNRItemStore.m in Sources */ = {isa = PBXBuildFile; fileRef = E2897A7E18D5822F002D7667 /* BNRItemStore.m */; };
/* End PBXBuildFile section */

/* Begin PBXContainerItemProxy section */
		E2897A6218D56C43002D7667 /* PBXContainerItemProxy */ = {
			isa = PBXContainerItemProxy;
			containerPortal = E2897A3A18D56C43002D7667 /* Project object */;
			proxyType = 1;
			remoteGlobalIDString = E2897A4118D56C43002D7667;
			remoteInfo = Homepwner;
		};
/* End PBXContainerItemProxy section */

/* Begin PBXFileReference section */
		E2897A4218D56C43002D7667 /* Homepwner.app */ = {isa = PBXFileReference; explicitFileType = wrapper.application; includeInIndex = 0; path = Homepwner.app; sourceTree = BUILT_PRODUCTS_DIR; };
		E2897A4518D56C43002D7667 /* Foundation.framework */ = {isa = PBXFileReference; lastKnownFileType = wrapper.framework; name = Foundation.framework; path = System/Library/Frameworks/Foundation.framework; sourceTree = SDKROOT; };
		E2897A4718D56C43002D7667 /* CoreGraphics.framework */ = {isa = PBXFileReference; lastKnownFileType = wrapper.framework; name = CoreGraphics.framework; path = System/Library/Frameworks/CoreGraphics.framework; sourceTree = SDKROOT; };
		E2897A4918D56C43002D7667 /* UIKit.framework */ = {isa = PBXFileReference; lastKnownFileType = wrapper.framework; name = UIKit.framework; path = System/Library/Frameworks/UIKit.framework; sourceTree = SDKROOT; };
		E2897A4D18D56C43002D7667 /* Homepwner-Info.plist */ = {isa = PBXFileReference; lastKnownFileType = text.plist.xml; path = "Homepwner-Info.plist"; sourceTree = "<group>"; };
		E2897A4F18D56C43002D7667 /* en */ = {isa = PBXFileReference; lastKnownFileType = text.plist.strings; name = en; path = en.lproj/InfoPlist.strings; sourceTree = "<group>"; };
		E2897A5118D56C43002D7667 /* main.m */ = {isa = PBXFileReference; lastKnownFileType = sourcecode.c.objc; path = main.m; sourceTree = "<group>"; };
		E2897A5318D56C43002D7667 /* Homepwner-Prefix.pch */ = {isa = PBXFileReference; lastKnownFileType = sourcecode.c.h; path = "Homepwner-Prefix.pch"; sourceTree = "<group>"; };
		E2897A5418D56C43002D7667 /* BNRAppDelegate.h */ = {isa = PBXFileReference; lastKnownFileType = sourcecode.c.h; path = BNRAppDelegate.h; sourceTree = "<group>"; };
		E2897A5518D56C43002D7667 /* BNRAppDelegate.m */ = {isa = PBXFileReference; lastKnownFileType = sourcecode.c.objc; path = BNRAppDelegate.m; sourceTree = "<group>"; };
		E2897A5718D56C43002D7667 /* Images.xcassets */ = {isa = PBXFileReference; lastKnownFileType = folder.assetcatalog; path = Images.xcassets; sourceTree = "<group>"; };
		E2897A5D18D56C43002D7667 /* HomepwnerTests.xctest */ = {isa = PBXFileReference; explicitFileType = wrapper.cfbundle; includeInIndex = 0; path = HomepwnerTests.xctest; sourceTree = BUILT_PRODUCTS_DIR; };
		E2897A5E18D56C43002D7667 /* XCTest.framework */ = {isa = PBXFileReference; lastKnownFileType = wrapper.framework; name = XCTest.framework; path = Library/Frameworks/XCTest.framework; sourceTree = DEVELOPER_DIR; };
		E2897A6618D56C43002D7667 /* HomepwnerTests-Info.plist */ = {isa = PBXFileReference; lastKnownFileType = text.plist.xml; path = "HomepwnerTests-Info.plist"; sourceTree = "<group>"; };
		E2897A6818D56C43002D7667 /* en */ = {isa = PBXFileReference; lastKnownFileType = text.plist.strings; name = en; path = en.lproj/InfoPlist.strings; sourceTree = "<group>"; };
		E2897A6A18D56C43002D7667 /* HomepwnerTests.m */ = {isa = PBXFileReference; lastKnownFileType = sourcecode.c.objc; path = HomepwnerTests.m; sourceTree = "<group>"; };
		E2897A7418D5789F002D7667 /* BNRItemsViewController.h */ = {isa = PBXFileReference; fileEncoding = 4; lastKnownFileType = sourcecode.c.h; path = BNRItemsViewController.h; sourceTree = "<group>"; };
		E2897A7518D5789F002D7667 /* BNRItemsViewController.m */ = {isa = PBXFileReference; fileEncoding = 4; lastKnownFileType = sourcecode.c.objc; path = BNRItemsViewController.m; sourceTree = "<group>"; };
		E2897A7A18D57D45002D7667 /* BNRItem.h */ = {isa = PBXFileReference; fileEncoding = 4; lastKnownFileType = sourcecode.c.h; path = BNRItem.h; sourceTree = "<group>"; };
		E2897A7B18D57D45002D7667 /* BNRItem.m */ = {isa = PBXFileReference; fileEncoding = 4; lastKnownFileType = sourcecode.c.objc; path = BNRItem.m; sourceTree = "<group>"; };
		E2897A7D18D5822F002D7667 /* BNRItemStore.h */ = {isa = PBXFileReference; fileEncoding = 4; lastKnownFileType = sourcecode.c.h; path = BNRItemStore.h; sourceTree = "<group>"; };
		E2897A7E18D5822F002D7667 /* BNRItemStore.m */ = {isa = PBXFileReference; fileEncoding = 4; lastKnownFileType = sourcecode.c.objc; path = BNRItemStore.m; sourceTree = "<group>"; };
/* End PBXFileReference section */

/* Begin PBXFrameworksBuildPhase section */
		E2897A3F18D56C43002D7667 /* Frameworks */ = {
			isa = PBXFrameworksBuildPhase;
			buildActionMask = 2147483647;
			files = (
				E2897A4818D56C43002D7667 /* CoreGraphics.framework in Frameworks */,
				E2897A4A18D56C43002D7667 /* UIKit.framework in Frameworks */,
				E2897A4618D56C43002D7667 /* Foundation.framework in Frameworks */,
			);
			runOnlyForDeploymentPostprocessing = 0;
		};
		E2897A5A18D56C43002D7667 /* Frameworks */ = {
			isa = PBXFrameworksBuildPhase;
			buildActionMask = 2147483647;
			files = (
				E2897A5F18D56C43002D7667 /* XCTest.framework in Frameworks */,
				E2897A6118D56C43002D7667 /* UIKit.framework in Frameworks */,
				E2897A6018D56C43002D7667 /* Foundation.framework in Frameworks */,
			);
			runOnlyForDeploymentPostprocessing = 0;
		};
/* End PBXFrameworksBuildPhase section */

/* Begin PBXGroup section */
		E2897A3918D56C43002D7667 = {
			isa = PBXGroup;
			children = (
				E2897A4B18D56C43002D7667 /* Homepwner */,
				E2897A6418D56C43002D7667 /* HomepwnerTests */,
				E2897A4418D56C43002D7667 /* Frameworks */,
				E2897A4318D56C43002D7667 /* Products */,
			);
			sourceTree = "<group>";
		};
		E2897A4318D56C43002D7667 /* Products */ = {
			isa = PBXGroup;
			children = (
				E2897A4218D56C43002D7667 /* Homepwner.app */,
				E2897A5D18D56C43002D7667 /* HomepwnerTests.xctest */,
			);
			name = Products;
			sourceTree = "<group>";
		};
		E2897A4418D56C43002D7667 /* Frameworks */ = {
			isa = PBXGroup;
			children = (
				E2897A4518D56C43002D7667 /* Foundation.framework */,
				E2897A4718D56C43002D7667 /* CoreGraphics.framework */,
				E2897A4918D56C43002D7667 /* UIKit.framework */,
				E2897A5E18D56C43002D7667 /* XCTest.framework */,
			);
			name = Frameworks;
			sourceTree = "<group>";
		};
		E2897A4B18D56C43002D7667 /* Homepwner */ = {
			isa = PBXGroup;
			children = (
				E2897A7A18D57D45002D7667 /* BNRItem.h */,
				E2897A7B18D57D45002D7667 /* BNRItem.m */,
				E2897A5418D56C43002D7667 /* BNRAppDelegate.h */,
				E2897A5518D56C43002D7667 /* BNRAppDelegate.m */,
				E2897A7418D5789F002D7667 /* BNRItemsViewController.h */,
				E2897A7518D5789F002D7667 /* BNRItemsViewController.m */,
				E2897A5718D56C43002D7667 /* Images.xcassets */,
				E2897A4C18D56C43002D7667 /* Supporting Files */,
				E2897A7D18D5822F002D7667 /* BNRItemStore.h */,
				E2897A7E18D5822F002D7667 /* BNRItemStore.m */,
			);
			path = Homepwner;
			sourceTree = "<group>";
		};
		E2897A4C18D56C43002D7667 /* Supporting Files */ = {
			isa = PBXGroup;
			children = (
				E2897A4D18D56C43002D7667 /* Homepwner-Info.plist */,
				E2897A4E18D56C43002D7667 /* InfoPlist.strings */,
				E2897A5118D56C43002D7667 /* main.m */,
				E2897A5318D56C43002D7667 /* Homepwner-Prefix.pch */,
			);
			name = "Supporting Files";
			sourceTree = "<group>";
		};
		E2897A6418D56C43002D7667 /* HomepwnerTests */ = {
			isa = PBXGroup;
			children = (
				E2897A6A18D56C43002D7667 /* HomepwnerTests.m */,
				E2897A6518D56C43002D7667 /* Supporting Files */,
			);
			path = HomepwnerTests;
			sourceTree = "<group>";
		};
		E2897A6518D56C43002D7667 /* Supporting Files */ = {
			isa = PBXGroup;
			children = (
				E2897A6618D56C43002D7667 /* HomepwnerTests-Info.plist */,
				E2897A6718D56C43002D7667 /* InfoPlist.strings */,
			);
			name = "Supporting Files";
			sourceTree = "<group>";
		};
/* End PBXGroup section */

/* Begin PBXNativeTarget section */
		E2897A4118D56C43002D7667 /* Homepwner */ = {
			isa = PBXNativeTarget;
			buildConfigurationList = E2897A6E18D56C43002D7667 /* Build configuration list for PBXNativeTarget "Homepwner" */;
			buildPhases = (
				E2897A3E18D56C43002D7667 /* Sources */,
				E2897A3F18D56C43002D7667 /* Frameworks */,
				E2897A4018D56C43002D7667 /* Resources */,
			);
			buildRules = (
			);
			dependencies = (
			);
			name = Homepwner;
			productName = Homepwner;
			productReference = E2897A4218D56C43002D7667 /* Homepwner.app */;
			productType = "com.apple.product-type.application";
		};
		E2897A5C18D56C43002D7667 /* HomepwnerTests */ = {
			isa = PBXNativeTarget;
			buildConfigurationList = E2897A7118D56C43002D7667 /* Build configuration list for PBXNativeTarget "HomepwnerTests" */;
			buildPhases = (
				E2897A5918D56C43002D7667 /* Sources */,
				E2897A5A18D56C43002D7667 /* Frameworks */,
				E2897A5B18D56C43002D7667 /* Resources */,
			);
			buildRules = (
			);
			dependencies = (
				E2897A6318D56C43002D7667 /* PBXTargetDependency */,
			);
			name = HomepwnerTests;
			productName = HomepwnerTests;
			productReference = E2897A5D18D56C43002D7667 /* HomepwnerTests.xctest */;
			productType = "com.apple.product-type.bundle.unit-test";
		};
/* End PBXNativeTarget section */

/* Begin PBXProject section */
		E2897A3A18D56C43002D7667 /* Project object */ = {
			isa = PBXProject;
			attributes = {
				CLASSPREFIX = BNR;
				LastUpgradeCheck = 0500;
				ORGANIZATIONNAME = "The Big Mud";
				TargetAttributes = {
					E2897A5C18D56C43002D7667 = {
						TestTargetID = E2897A4118D56C43002D7667;
					};
				};
			};
			buildConfigurationList = E2897A3D18D56C43002D7667 /* Build configuration list for PBXProject "Homepwner" */;
			compatibilityVersion = "Xcode 3.2";
			developmentRegion = English;
			hasScannedForEncodings = 0;
			knownRegions = (
				en,
			);
			mainGroup = E2897A3918D56C43002D7667;
			productRefGroup = E2897A4318D56C43002D7667 /* Products */;
			projectDirPath = "";
			projectRoot = "";
			targets = (
				E2897A4118D56C43002D7667 /* Homepwner */,
				E2897A5C18D56C43002D7667 /* HomepwnerTests */,
			);
		};
/* End PBXProject section */

/* Begin PBXResourcesBuildPhase section */
		E2897A4018D56C43002D7667 /* Resources */ = {
			isa = PBXResourcesBuildPhase;
			buildActionMask = 2147483647;
			files = (
				E2897A5018D56C43002D7667 /* InfoPlist.strings in Resources */,
				E2897A5818D56C43002D7667 /* Images.xcassets in Resources */,
			);
			runOnlyForDeploymentPostprocessing = 0;
		};
		E2897A5B18D56C43002D7667 /* Resources */ = {
			isa = PBXResourcesBuildPhase;
			buildActionMask = 2147483647;
			files = (
				E2897A6918D56C43002D7667 /* InfoPlist.strings in Resources */,
			);
			runOnlyForDeploymentPostprocessing = 0;
		};
/* End PBXResourcesBuildPhase section */

/* Begin PBXSourcesBuildPhase section */
		E2897A3E18D56C43002D7667 /* Sources */ = {
			isa = PBXSourcesBuildPhase;
			buildActionMask = 2147483647;
			files = (
				E2897A7F18D5822F002D7667 /* BNRItemStore.m in Sources */,
				E2897A7618D5789F002D7667 /* BNRItemsViewController.m in Sources */,
				E2897A7C18D57D45002D7667 /* BNRItem.m in Sources */,
				E2897A5218D56C43002D7667 /* main.m in Sources */,
				E2897A5618D56C43002D7667 /* BNRAppDelegate.m in Sources */,
			);
			runOnlyForDeploymentPostprocessing = 0;
		};
		E2897A5918D56C43002D7667 /* Sources */ = {
			isa = PBXSourcesBuildPhase;
			buildActionMask = 2147483647;
			files = (
				E2897A6B18D56C43002D7667 /* HomepwnerTests.m in Sources */,
			);
			runOnlyForDeploymentPostprocessing = 0;
		};
/* End PBXSourcesBuildPhase section */

/* Begin PBXTargetDependency section */
		E2897A6318D56C43002D7667 /* PBXTargetDependency */ = {
			isa = PBXTargetDependency;
			target = E2897A4118D56C43002D7667 /* Homepwner */;
			targetProxy = E2897A6218D56C43002D7667 /* PBXContainerItemProxy */;
		};
/* End PBXTargetDependency section */

/* Begin PBXVariantGroup section */
		E2897A4E18D56C43002D7667 /* InfoPlist.strings */ = {
			isa = PBXVariantGroup;
			children = (
				E2897A4F18D56C43002D7667 /* en */,
			);
			name = InfoPlist.strings;
			sourceTree = "<group>";
		};
		E2897A6718D56C43002D7667 /* InfoPlist.strings */ = {
			isa = PBXVariantGroup;
			children = (
				E2897A6818D56C43002D7667 /* en */,
			);
			name = InfoPlist.strings;
			sourceTree = "<group>";
		};
/* End PBXVariantGroup section */

/* Begin XCBuildConfiguration section */
		E2897A6C18D56C43002D7667 /* Debug */ = {
			isa = XCBuildConfiguration;
			buildSettings = {
				ALWAYS_SEARCH_USER_PATHS = NO;
				ARCHS = "$(ARCHS_STANDARD_INCLUDING_64_BIT)";
				CLANG_CXX_LANGUAGE_STANDARD = "gnu++0x";
				CLANG_CXX_LIBRARY = "libc++";
				CLANG_ENABLE_MODULES = YES;
				CLANG_ENABLE_OBJC_ARC = YES;
				CLANG_WARN_BOOL_CONVERSION = YES;
				CLANG_WARN_CONSTANT_CONVERSION = YES;
				CLANG_WARN_DIRECT_OBJC_ISA_USAGE = YES_ERROR;
				CLANG_WARN_EMPTY_BODY = YES;
				CLANG_WARN_ENUM_CONVERSION = YES;
				CLANG_WARN_INT_CONVERSION = YES;
				CLANG_WARN_OBJC_ROOT_CLASS = YES_ERROR;
				CLANG_WARN__DUPLICATE_METHOD_MATCH = YES;
				"CODE_SIGN_IDENTITY[sdk=iphoneos*]" = "iPhone Developer";
				COPY_PHASE_STRIP = NO;
				GCC_C_LANGUAGE_STANDARD = gnu99;
				GCC_DYNAMIC_NO_PIC = NO;
				GCC_OPTIMIZATION_LEVEL = 0;
				GCC_PREPROCESSOR_DEFINITIONS = (
					"DEBUG=1",
					"$(inherited)",
				);
				GCC_SYMBOLS_PRIVATE_EXTERN = NO;
				GCC_WARN_64_TO_32_BIT_CONVERSION = YES;
				GCC_WARN_ABOUT_RETURN_TYPE = YES_ERROR;
				GCC_WARN_UNDECLARED_SELECTOR = YES;
				GCC_WARN_UNINITIALIZED_AUTOS = YES;
				GCC_WARN_UNUSED_FUNCTION = YES;
				GCC_WARN_UNUSED_VARIABLE = YES;
				IPHONEOS_DEPLOYMENT_TARGET = 7.0;
				ONLY_ACTIVE_ARCH = YES;
				SDKROOT = iphoneos;
			};
			name = Debug;
		};
		E2897A6D18D56C43002D7667 /* Release */ = {
			isa = XCBuildConfiguration;
			buildSettings = {
				ALWAYS_SEARCH_USER_PATHS = NO;
				ARCHS = "$(ARCHS_STANDARD_INCLUDING_64_BIT)";
				CLANG_CXX_LANGUAGE_STANDARD = "gnu++0x";
				CLANG_CXX_LIBRARY = "libc++";
				CLANG_ENABLE_MODULES = YES;
				CLANG_ENABLE_OBJC_ARC = YES;
				CLANG_WARN_BOOL_CONVERSION = YES;
				CLANG_WARN_CONSTANT_CONVERSION = YES;
				CLANG_WARN_DIRECT_OBJC_ISA_USAGE = YES_ERROR;
				CLANG_WARN_EMPTY_BODY = YES;
				CLANG_WARN_ENUM_CONVERSION = YES;
				CLANG_WARN_INT_CONVERSION = YES;
				CLANG_WARN_OBJC_ROOT_CLASS = YES_ERROR;
				CLANG_WARN__DUPLICATE_METHOD_MATCH = YES;
				"CODE_SIGN_IDENTITY[sdk=iphoneos*]" = "iPhone Developer";
				COPY_PHASE_STRIP = YES;
				ENABLE_NS_ASSERTIONS = NO;
				GCC_C_LANGUAGE_STANDARD = gnu99;
				GCC_WARN_64_TO_32_BIT_CONVERSION = YES;
				GCC_WARN_ABOUT_RETURN_TYPE = YES_ERROR;
				GCC_WARN_UNDECLARED_SELECTOR = YES;
				GCC_WARN_UNINITIALIZED_AUTOS = YES;
				GCC_WARN_UNUSED_FUNCTION = YES;
				GCC_WARN_UNUSED_VARIABLE = YES;
				IPHONEOS_DEPLOYMENT_TARGET = 7.0;
				SDKROOT = iphoneos;
				VALIDATE_PRODUCT = YES;
			};
			name = Release;
		};
		E2897A6F18D56C43002D7667 /* Debug */ = {
			isa = XCBuildConfiguration;
			buildSettings = {
				ASSETCATALOG_COMPILER_APPICON_NAME = AppIcon;
				ASSETCATALOG_COMPILER_LAUNCHIMAGE_NAME = LaunchImage;
				GCC_PRECOMPILE_PREFIX_HEADER = YES;
				GCC_PREFIX_HEADER = "Homepwner/Homepwner-Prefix.pch";
				INFOPLIST_FILE = "Homepwner/Homepwner-Info.plist";
				PRODUCT_NAME = "$(TARGET_NAME)";
				WRAPPER_EXTENSION = app;
			};
			name = Debug;
		};
		E2897A7018D56C43002D7667 /* Release */ = {
			isa = XCBuildConfiguration;
			buildSettings = {
				ASSETCATALOG_COMPILER_APPICON_NAME = AppIcon;
				ASSETCATALOG_COMPILER_LAUNCHIMAGE_NAME = LaunchImage;
				GCC_PRECOMPILE_PREFIX_HEADER = YES;
				GCC_PREFIX_HEADER = "Homepwner/Homepwner-Prefix.pch";
				INFOPLIST_FILE = "Homepwner/Homepwner-Info.plist";
				PRODUCT_NAME = "$(TARGET_NAME)";
				WRAPPER_EXTENSION = app;
			};
			name = Release;
		};
		E2897A7218D56C43002D7667 /* Debug */ = {
			isa = XCBuildConfiguration;
			buildSettings = {
				ARCHS = "$(ARCHS_STANDARD_INCLUDING_64_BIT)";
				BUNDLE_LOADER = "$(BUILT_PRODUCTS_DIR)/Homepwner.app/Homepwner";
				FRAMEWORK_SEARCH_PATHS = (
					"$(SDKROOT)/Developer/Library/Frameworks",
					"$(inherited)",
					"$(DEVELOPER_FRAMEWORKS_DIR)",
				);
				GCC_PRECOMPILE_PREFIX_HEADER = YES;
				GCC_PREFIX_HEADER = "Homepwner/Homepwner-Prefix.pch";
				GCC_PREPROCESSOR_DEFINITIONS = (
					"DEBUG=1",
					"$(inherited)",
				);
				INFOPLIST_FILE = "HomepwnerTests/HomepwnerTests-Info.plist";
				PRODUCT_NAME = "$(TARGET_NAME)";
				TEST_HOST = "$(BUNDLE_LOADER)";
				WRAPPER_EXTENSION = xctest;
			};
			name = Debug;
		};
		E2897A7318D56C43002D7667 /* Release */ = {
			isa = XCBuildConfiguration;
			buildSettings = {
				ARCHS = "$(ARCHS_STANDARD_INCLUDING_64_BIT)";
				BUNDLE_LOADER = "$(BUILT_PRODUCTS_DIR)/Homepwner.app/Homepwner";
				FRAMEWORK_SEARCH_PATHS = (
					"$(SDKROOT)/Developer/Library/Frameworks",
					"$(inherited)",
					"$(DEVELOPER_FRAMEWORKS_DIR)",
				);
				GCC_PRECOMPILE_PREFIX_HEADER = YES;
				GCC_PREFIX_HEADER = "Homepwner/Homepwner-Prefix.pch";
				INFOPLIST_FILE = "HomepwnerTests/HomepwnerTests-Info.plist";
				PRODUCT_NAME = "$(TARGET_NAME)";
				TEST_HOST = "$(BUNDLE_LOADER)";
				WRAPPER_EXTENSION = xctest;
			};
			name = Release;
		};
/* End XCBuildConfiguration section */

/* Begin XCConfigurationList section */
		E2897A3D18D56C43002D7667 /* Build configuration list for PBXProject "Homepwner" */ = {
			isa = XCConfigurationList;
			buildConfigurations = (
				E2897A6C18D56C43002D7667 /* Debug */,
				E2897A6D18D56C43002D7667 /* Release */,
			);
			defaultConfigurationIsVisible = 0;
			defaultConfigurationName = Release;
		};
		E2897A6E18D56C43002D7667 /* Build configuration list for PBXNativeTarget "Homepwner" */ = {
			isa = XCConfigurationList;
			buildConfigurations = (
				E2897A6F18D56C43002D7667 /* Debug */,
				E2897A7018D56C43002D7667 /* Release */,
			);
			defaultConfigurationIsVisible = 0;
		};
		E2897A7118D56C43002D7667 /* Build configuration list for PBXNativeTarget "HomepwnerTests" */ = {
			isa = XCConfigurationList;
			buildConfigurations = (
				E2897A7218D56C43002D7667 /* Debug */,
				E2897A7318D56C43002D7667 /* Release */,
			);
			defaultConfigurationIsVisible = 0;
		};
/* End XCConfigurationList section */
	};
	rootObject = E2897A3A18D56C43002D7667 /* Project object */;
}
